
Microsoft Visual Studio Solution File, Format Version 12.00
# Visual Studio Version 16
VisualStudioVersion = 16.0.28803.202
MinimumVisualStudioVersion = 10.0.40219.1
Project("{FAE04EC0-301F-11D3-BF4B-00C04F79EFBC}") = "Exercicio3_3", "Exercicio3_3\Exercicio3_3.csproj", "{25F00208-D114-4B54-8F2F-B670354573D2}"
EndProject
Global
	GlobalSection(SolutionConfigurationPlatforms) = preSolution
		Debug|Any CPU = Debug|Any CPU
		Release|Any CPU = Release|Any CPU
	EndGlobalSection
	GlobalSection(ProjectConfigurationPlatforms) = postSolution
		{25F00208-D114-4B54-8F2F-B670354573D2}.Debug|Any CPU.ActiveCfg = Debug|Any CPU
		{25F00208-D114-4B54-8F2F-B670354573D2}.Debug|Any CPU.Build.0 = Debug|Any CPU
		{25F00208-D114-4B54-8F2F-B670354573D2}.Release|Any CPU.ActiveCfg = Release|Any CPU
		{25F00208-D114-4B54-8F2F-B670354573D2}.Release|Any CPU.Build.0 = Release|Any CPU
	EndGlobalSection
	GlobalSection(SolutionProperties) = preSolution
		HideSolutionNode = FALSE
	EndGlobalSection
	GlobalSection(ExtensibilityGlobals) = postSolution
		SolutionGuid = {ED81745F-7C1A-47D7-A887-D74A28EA4E94}
	EndGlobalSection
EndGlobal
