
Microsoft Visual Studio Solution File, Format Version 12.00
# Visual Studio Version 16
VisualStudioVersion = 16.0.28803.202
MinimumVisualStudioVersion = 10.0.40219.1
Project("{FAE04EC0-301F-11D3-BF4B-00C04F79EFBC}") = "Temperaturas", "Temperaturas\Temperaturas.csproj", "{B89A1254-70A6-460C-9EF8-5FB142A32C9E}"
EndProject
Global
	GlobalSection(SolutionConfigurationPlatforms) = preSolution
		Debug|Any CPU = Debug|Any CPU
		Release|Any CPU = Release|Any CPU
	EndGlobalSection
	GlobalSection(ProjectConfigurationPlatforms) = postSolution
		{B89A1254-70A6-460C-9EF8-5FB142A32C9E}.Debug|Any CPU.ActiveCfg = Debug|Any CPU
		{B89A1254-70A6-460C-9EF8-5FB142A32C9E}.Debug|Any CPU.Build.0 = Debug|Any CPU
		{B89A1254-70A6-460C-9EF8-5FB142A32C9E}.Release|Any CPU.ActiveCfg = Release|Any CPU
		{B89A1254-70A6-460C-9EF8-5FB142A32C9E}.Release|Any CPU.Build.0 = Release|Any CPU
	EndGlobalSection
	GlobalSection(SolutionProperties) = preSolution
		HideSolutionNode = FALSE
	EndGlobalSection
	GlobalSection(ExtensibilityGlobals) = postSolution
		SolutionGuid = {424FA3EE-CF12-4F16-AEF7-62335322F352}
	EndGlobalSection
EndGlobal
