
Microsoft Visual Studio Solution File, Format Version 12.00
# Visual Studio Version 16
VisualStudioVersion = 16.0.28922.388
MinimumVisualStudioVersion = 10.0.40219.1
Project("{FAE04EC0-301F-11D3-BF4B-00C04F79EFBC}") = "3.4", "3.4.csproj", "{EEAF6EDE-581D-4406-9925-BF42BD0514D7}"
EndProject
Global
	GlobalSection(SolutionConfigurationPlatforms) = preSolution
		Debug|Any CPU = Debug|Any CPU
		Release|Any CPU = Release|Any CPU
	EndGlobalSection
	GlobalSection(ProjectConfigurationPlatforms) = postSolution
		{EEAF6EDE-581D-4406-9925-BF42BD0514D7}.Debug|Any CPU.ActiveCfg = Debug|Any CPU
		{EEAF6EDE-581D-4406-9925-BF42BD0514D7}.Debug|Any CPU.Build.0 = Debug|Any CPU
		{EEAF6EDE-581D-4406-9925-BF42BD0514D7}.Release|Any CPU.ActiveCfg = Release|Any CPU
		{EEAF6EDE-581D-4406-9925-BF42BD0514D7}.Release|Any CPU.Build.0 = Release|Any CPU
	EndGlobalSection
	GlobalSection(SolutionProperties) = preSolution
		HideSolutionNode = FALSE
	EndGlobalSection
	GlobalSection(ExtensibilityGlobals) = postSolution
		SolutionGuid = {EA35C3DC-C770-4F73-A4B6-614D23465739}
	EndGlobalSection
EndGlobal
