
Microsoft Visual Studio Solution File, Format Version 12.00
# Visual Studio Version 16
VisualStudioVersion = 16.0.28803.202
MinimumVisualStudioVersion = 10.0.40219.1
Project("{FAE04EC0-301F-11D3-BF4B-00C04F79EFBC}") = "Exercicio2_1", "Exercicio2_1\Exercicio2_1.csproj", "{FE2BFB18-9EA3-4829-82A9-6749EAD729BC}"
EndProject
Global
	GlobalSection(SolutionConfigurationPlatforms) = preSolution
		Debug|Any CPU = Debug|Any CPU
		Release|Any CPU = Release|Any CPU
	EndGlobalSection
	GlobalSection(ProjectConfigurationPlatforms) = postSolution
		{FE2BFB18-9EA3-4829-82A9-6749EAD729BC}.Debug|Any CPU.ActiveCfg = Debug|Any CPU
		{FE2BFB18-9EA3-4829-82A9-6749EAD729BC}.Debug|Any CPU.Build.0 = Debug|Any CPU
		{FE2BFB18-9EA3-4829-82A9-6749EAD729BC}.Release|Any CPU.ActiveCfg = Release|Any CPU
		{FE2BFB18-9EA3-4829-82A9-6749EAD729BC}.Release|Any CPU.Build.0 = Release|Any CPU
	EndGlobalSection
	GlobalSection(SolutionProperties) = preSolution
		HideSolutionNode = FALSE
	EndGlobalSection
	GlobalSection(ExtensibilityGlobals) = postSolution
		SolutionGuid = {5897C635-21B3-4930-979C-C4EB0C3E8E35}
	EndGlobalSection
EndGlobal
