
Microsoft Visual Studio Solution File, Format Version 12.00
# Visual Studio Version 16
VisualStudioVersion = 16.0.28803.202
MinimumVisualStudioVersion = 10.0.40219.1
Project("{FAE04EC0-301F-11D3-BF4B-00C04F79EFBC}") = "Exercicio1_3", "Exercicio1_3\Exercicio1_3.csproj", "{DFFF73DC-1D4C-46AE-8124-C7FDE34BDF66}"
EndProject
Global
	GlobalSection(SolutionConfigurationPlatforms) = preSolution
		Debug|Any CPU = Debug|Any CPU
		Release|Any CPU = Release|Any CPU
	EndGlobalSection
	GlobalSection(ProjectConfigurationPlatforms) = postSolution
		{DFFF73DC-1D4C-46AE-8124-C7FDE34BDF66}.Debug|Any CPU.ActiveCfg = Debug|Any CPU
		{DFFF73DC-1D4C-46AE-8124-C7FDE34BDF66}.Debug|Any CPU.Build.0 = Debug|Any CPU
		{DFFF73DC-1D4C-46AE-8124-C7FDE34BDF66}.Release|Any CPU.ActiveCfg = Release|Any CPU
		{DFFF73DC-1D4C-46AE-8124-C7FDE34BDF66}.Release|Any CPU.Build.0 = Release|Any CPU
	EndGlobalSection
	GlobalSection(SolutionProperties) = preSolution
		HideSolutionNode = FALSE
	EndGlobalSection
	GlobalSection(ExtensibilityGlobals) = postSolution
		SolutionGuid = {1DF281FC-F708-4FE1-BAE8-D3B84CF2F1D9}
	EndGlobalSection
EndGlobal
