
Microsoft Visual Studio Solution File, Format Version 12.00
# Visual Studio Version 16
VisualStudioVersion = 16.0.28803.202
MinimumVisualStudioVersion = 10.0.40219.1
Project("{FAE04EC0-301F-11D3-BF4B-00C04F79EFBC}") = "Exercicio3_2", "Exercicio3_2\Exercicio3_2.csproj", "{3B17275D-CA46-4BE9-8EEE-B77C151B5D10}"
EndProject
Global
	GlobalSection(SolutionConfigurationPlatforms) = preSolution
		Debug|Any CPU = Debug|Any CPU
		Release|Any CPU = Release|Any CPU
	EndGlobalSection
	GlobalSection(ProjectConfigurationPlatforms) = postSolution
		{3B17275D-CA46-4BE9-8EEE-B77C151B5D10}.Debug|Any CPU.ActiveCfg = Debug|Any CPU
		{3B17275D-CA46-4BE9-8EEE-B77C151B5D10}.Debug|Any CPU.Build.0 = Debug|Any CPU
		{3B17275D-CA46-4BE9-8EEE-B77C151B5D10}.Release|Any CPU.ActiveCfg = Release|Any CPU
		{3B17275D-CA46-4BE9-8EEE-B77C151B5D10}.Release|Any CPU.Build.0 = Release|Any CPU
	EndGlobalSection
	GlobalSection(SolutionProperties) = preSolution
		HideSolutionNode = FALSE
	EndGlobalSection
	GlobalSection(ExtensibilityGlobals) = postSolution
		SolutionGuid = {CE3FF65F-529A-460C-9876-E0B12A6A28C9}
	EndGlobalSection
EndGlobal
